
Microsoft Visual Studio Solution File, Format Version 12.00
# Visual Studio Version 17
VisualStudioVersion = 17.14.36804.6
MinimumVisualStudioVersion = 10.0.40219.1
Project("{FAE04EC0-301F-11D3-BF4B-00C04F79EFBC}") = "VideoClub.Client", "src\VideoClub.Client\VideoClub.Client.csproj", "{093D3EBD-7AFC-49DA-9D18-6FBCEFC33AE9}"
EndProject
Project("{FAE04EC0-301F-11D3-BF4B-00C04F79EFBC}") = "VideoClub.Api", "src\VideoClub.Api\VideoClub.Api.csproj", "{EAE5AA5C-50A8-41B9-A66D-0A74E43159F5}"
EndProject
Project("{FAE04EC0-301F-11D3-BF4B-00C04F79EFBC}") = "VideoClub.Shared", "src\VideoClub.Shared\VideoClub.Shared.csproj", "{56FFCBBD-1E64-40F2-982E-FAB2EAEC8DDC}"
EndProject


Global
	GlobalSection(SolutionConfigurationPlatforms) = preSolution
		Debug|Any CPU = Debug|Any CPU
		Release|Any CPU = Release|Any CPU
	EndGlobalSection
	GlobalSection(ProjectConfigurationPlatforms) = postSolution
		{093D3EBD-7AFC-49DA-9D18-6FBCEFC33AE9}.Debug|Any CPU.ActiveCfg = Debug|Any CPU
		{093D3EBD-7AFC-49DA-9D18-6FBCEFC33AE9}.Debug|Any CPU.Build.0 = Debug|Any CPU
		{093D3EBD-7AFC-49DA-9D18-6FBCEFC33AE9}.Release|Any CPU.ActiveCfg = Release|Any CPU
		{093D3EBD-7AFC-49DA-9D18-6FBCEFC33AE9}.Release|Any CPU.Build.0 = Release|Any CPU
	
		{EAE5AA5C-50A8-41B9-A66D-0A74E43159F5}.Debug|Any CPU.ActiveCfg = Debug|Any CPU
		{EAE5AA5C-50A8-41B9-A66D-0A74E43159F5}.Debug|Any CPU.Build.0 = Debug|Any CPU
		{EAE5AA5C-50A8-41B9-A66D-0A74E43159F5}.Release|Any CPU.ActiveCfg = Release|Any CPU
		{EAE5AA5C-50A8-41B9-A66D-0A74E43159F5}.Release|Any CPU.Build.0 = Release|Any CPU
		{56FFCBBD-1E64-40F2-982E-FAB2EAEC8DDC}.Debug|Any CPU.ActiveCfg = Debug|Any CPU
		{56FFCBBD-1E64-40F2-982E-FAB2EAEC8DDC}.Debug|Any CPU.Build.0 = Debug|Any CPU
		{56FFCBBD-1E64-40F2-982E-FAB2EAEC8DDC}.Release|Any CPU.ActiveCfg = Release|Any CPU
		{56FFCBBD-1E64-40F2-982E-FAB2EAEC8DDC}.Release|Any CPU.Build.0 = Release|Any CPUEndGlobalSection
	GlobalSection(SolutionProperties) = preSolution
		HideSolutionNode = FALSE
	EndGlobalSection
	GlobalSection(ExtensibilityGlobals) = postSolution
		SolutionGuid = {50B3CFB0-7AA6-4BA5-A011-0A6D1BB7E37A}
	EndGlobalSection
EndGlobal
